
Microsoft Visual Studio Solution File, Format Version 12.00
# Visual Studio Version 17
VisualStudioVersion = 17.12.35707.178
MinimumVisualStudioVersion = 10.0.40219.1
Project("{9A19103F-16F7-4668-BE54-9A1E7A4F7556}") = "ApiGateway", "ApiGateway\ApiGateway.csproj", "{AF0EB6F3-A304-4498-9E7F-6BDE318E069F}"
EndProject
Project("{9A19103F-16F7-4668-BE54-9A1E7A4F7556}") = "AuthService", "AuthService\AuthService.csproj", "{B04CE09E-2DEE-40E7-8CD9-90247CFC62AF}"
EndProject
Project("{9A19103F-16F7-4668-BE54-9A1E7A4F7556}") = "TeleHealthService", "TeleHealthService\TeleHealthService.csproj", "{F11525F7-9F74-449F-9C52-E797E433143F}"
EndProject
Project("{9A19103F-16F7-4668-BE54-9A1E7A4F7556}") = "PatientService", "PatientService\PatientService.csproj", "{FDD9553B-F303-4E5F-8FEC-D0547F922958}"
EndProject
Project("{9A19103F-16F7-4668-BE54-9A1E7A4F7556}") = "StaffService", "StaffService\StaffService.csproj", "{FBD566C2-E635-4AB1-83D6-D568DBF6B04F}"
EndProject
Global
	GlobalSection(SolutionConfigurationPlatforms) = preSolution
		Debug|Any CPU = Debug|Any CPU
		Release|Any CPU = Release|Any CPU
	EndGlobalSection
	GlobalSection(ProjectConfigurationPlatforms) = postSolution
		{AF0EB6F3-A304-4498-9E7F-6BDE318E069F}.Debug|Any CPU.ActiveCfg = Debug|Any CPU
		{AF0EB6F3-A304-4498-9E7F-6BDE318E069F}.Debug|Any CPU.Build.0 = Debug|Any CPU
		{AF0EB6F3-A304-4498-9E7F-6BDE318E069F}.Release|Any CPU.ActiveCfg = Release|Any CPU
		{AF0EB6F3-A304-4498-9E7F-6BDE318E069F}.Release|Any CPU.Build.0 = Release|Any CPU
		{B04CE09E-2DEE-40E7-8CD9-90247CFC62AF}.Debug|Any CPU.ActiveCfg = Debug|Any CPU
		{B04CE09E-2DEE-40E7-8CD9-90247CFC62AF}.Debug|Any CPU.Build.0 = Debug|Any CPU
		{B04CE09E-2DEE-40E7-8CD9-90247CFC62AF}.Release|Any CPU.ActiveCfg = Release|Any CPU
		{B04CE09E-2DEE-40E7-8CD9-90247CFC62AF}.Release|Any CPU.Build.0 = Release|Any CPU
		{F11525F7-9F74-449F-9C52-E797E433143F}.Debug|Any CPU.ActiveCfg = Debug|Any CPU
		{F11525F7-9F74-449F-9C52-E797E433143F}.Debug|Any CPU.Build.0 = Debug|Any CPU
		{F11525F7-9F74-449F-9C52-E797E433143F}.Release|Any CPU.ActiveCfg = Release|Any CPU
		{F11525F7-9F74-449F-9C52-E797E433143F}.Release|Any CPU.Build.0 = Release|Any CPU
		{FDD9553B-F303-4E5F-8FEC-D0547F922958}.Debug|Any CPU.ActiveCfg = Debug|Any CPU
		{FDD9553B-F303-4E5F-8FEC-D0547F922958}.Debug|Any CPU.Build.0 = Debug|Any CPU
		{FDD9553B-F303-4E5F-8FEC-D0547F922958}.Release|Any CPU.ActiveCfg = Release|Any CPU
		{FDD9553B-F303-4E5F-8FEC-D0547F922958}.Release|Any CPU.Build.0 = Release|Any CPU
		{FBD566C2-E635-4AB1-83D6-D568DBF6B04F}.Debug|Any CPU.ActiveCfg = Debug|Any CPU
		{FBD566C2-E635-4AB1-83D6-D568DBF6B04F}.Debug|Any CPU.Build.0 = Debug|Any CPU
		{FBD566C2-E635-4AB1-83D6-D568DBF6B04F}.Release|Any CPU.ActiveCfg = Release|Any CPU
		{FBD566C2-E635-4AB1-83D6-D568DBF6B04F}.Release|Any CPU.Build.0 = Release|Any CPU
	EndGlobalSection
	GlobalSection(SolutionProperties) = preSolution
		HideSolutionNode = FALSE
	EndGlobalSection
	GlobalSection(ExtensibilityGlobals) = postSolution
		SolutionGuid = {9C2EB7B6-D1E6-4BE4-956E-C1E4920C71E5}
	EndGlobalSection
EndGlobal
